
Microsoft Visual Studio Solution File, Format Version 12.00
# Visual Studio Version 16
VisualStudioVersion = 16.0.30907.101
MinimumVisualStudioVersion = 10.0.40219.1
Project("{888888A0-9F3D-457C-B088-3A5042F75D52}") = "FinalProjectPython", "FinalProjectPython.pyproj", "{10990A44-C7F7-478A-B951-29E992C803A1}"
EndProject
Global
	GlobalSection(SolutionConfigurationPlatforms) = preSolution
		Debug|Any CPU = Debug|Any CPU
		Release|Any CPU = Release|Any CPU
	EndGlobalSection
	GlobalSection(ProjectConfigurationPlatforms) = postSolution
		{10990A44-C7F7-478A-B951-29E992C803A1}.Debug|Any CPU.ActiveCfg = Debug|Any CPU
		{10990A44-C7F7-478A-B951-29E992C803A1}.Debug|Any CPU.Build.0 = Debug|Any CPU
		{10990A44-C7F7-478A-B951-29E992C803A1}.Release|Any CPU.ActiveCfg = Release|Any CPU
		{10990A44-C7F7-478A-B951-29E992C803A1}.Release|Any CPU.Build.0 = Release|Any CPU
	EndGlobalSection
	GlobalSection(SolutionProperties) = preSolution
		HideSolutionNode = FALSE
	EndGlobalSection
	GlobalSection(ExtensibilityGlobals) = postSolution
		SolutionGuid = {21431BDF-07E9-4F74-BDC7-68A00ED1F135}
	EndGlobalSection
EndGlobal
